// !$*UTF8*$!
{
	archiveVersion = 1;
	classes = {
	};
	objectVersion = 51;
	objects = {

/* Begin PBXBuildFile section */
		485A3B3B25220EAF00A30660 /* AppDelegate.swift in Sources */ = {isa = PBXBuildFile; fileRef = 485A3B3A25220EAF00A30660 /* AppDelegate.swift */; };
		485A3B3D25220EAF00A30660 /* SceneDelegate.swift in Sources */ = {isa = PBXBuildFile; fileRef = 485A3B3C25220EAF00A30660 /* SceneDelegate.swift */; };
		485A3B3F25220EAF00A30660 /* ListViewController.swift in Sources */ = {isa = PBXBuildFile; fileRef = 485A3B3E25220EAF00A30660 /* ListViewController.swift */; };
		485A3B4225220EAF00A30660 /* Main.storyboard in Resources */ = {isa = PBXBuildFile; fileRef = 485A3B4025220EAF00A30660 /* Main.storyboard */; };
		485A3B4425220EB500A30660 /* Assets.xcassets in Resources */ = {isa = PBXBuildFile; fileRef = 485A3B4325220EB500A30660 /* Assets.xcassets */; };
		485A3B4725220EB500A30660 /* LaunchScreen.storyboard in Resources */ = {isa = PBXBuildFile; fileRef = 485A3B4525220EB500A30660 /* LaunchScreen.storyboard */; };
		4878182A2526571E00A884DD /* MovieDetailViewController.swift in Sources */ = {isa = PBXBuildFile; fileRef = 487818292526571E00A884DD /* MovieDetailViewController.swift */; };
		4878184825266D4A00A884DD /* IMDBSiteViewController.swift in Sources */ = {isa = PBXBuildFile; fileRef = 4878184725266D4A00A884DD /* IMDBSiteViewController.swift */; };
		48918AB425262C180028B1BC /* MovieTableViewCell.swift in Sources */ = {isa = PBXBuildFile; fileRef = 48918AB325262C180028B1BC /* MovieTableViewCell.swift */; };
		D30A7783EDE6388CC18571F1 /* Pods_TheMovieDB.framework in Frameworks */ = {isa = PBXBuildFile; fileRef = AC3B8B990B0019D6D4F06E3A /* Pods_TheMovieDB.framework */; };
/* End PBXBuildFile section */

/* Begin PBXFileReference section */
		2DBAAA617984A7D23154575A /* Pods-TheMovieDB.debug.xcconfig */ = {isa = PBXFileReference; includeInIndex = 1; lastKnownFileType = text.xcconfig; name = "Pods-TheMovieDB.debug.xcconfig"; path = "Target Support Files/Pods-TheMovieDB/Pods-TheMovieDB.debug.xcconfig"; sourceTree = "<group>"; };
		485A3B3725220EAF00A30660 /* TheMovieDB.app */ = {isa = PBXFileReference; explicitFileType = wrapper.application; includeInIndex = 0; path = TheMovieDB.app; sourceTree = BUILT_PRODUCTS_DIR; };
		485A3B3A25220EAF00A30660 /* AppDelegate.swift */ = {isa = PBXFileReference; lastKnownFileType = sourcecode.swift; path = AppDelegate.swift; sourceTree = "<group>"; };
		485A3B3C25220EAF00A30660 /* SceneDelegate.swift */ = {isa = PBXFileReference; lastKnownFileType = sourcecode.swift; path = SceneDelegate.swift; sourceTree = "<group>"; };
		485A3B3E25220EAF00A30660 /* ListViewController.swift */ = {isa = PBXFileReference; lastKnownFileType = sourcecode.swift; path = ListViewController.swift; sourceTree = "<group>"; };
		485A3B4125220EAF00A30660 /* Base */ = {isa = PBXFileReference; lastKnownFileType = file.storyboard; name = Base; path = Base.lproj/Main.storyboard; sourceTree = "<group>"; };
		485A3B4325220EB500A30660 /* Assets.xcassets */ = {isa = PBXFileReference; lastKnownFileType = folder.assetcatalog; path = Assets.xcassets; sourceTree = "<group>"; };
		485A3B4625220EB500A30660 /* Base */ = {isa = PBXFileReference; lastKnownFileType = file.storyboard; name = Base; path = Base.lproj/LaunchScreen.storyboard; sourceTree = "<group>"; };
		485A3B4825220EB500A30660 /* Info.plist */ = {isa = PBXFileReference; lastKnownFileType = text.plist.xml; path = Info.plist; sourceTree = "<group>"; };
		487818292526571E00A884DD /* MovieDetailViewController.swift */ = {isa = PBXFileReference; lastKnownFileType = sourcecode.swift; path = MovieDetailViewController.swift; sourceTree = "<group>"; };
		4878184725266D4A00A884DD /* IMDBSiteViewController.swift */ = {isa = PBXFileReference; lastKnownFileType = sourcecode.swift; path = IMDBSiteViewController.swift; sourceTree = "<group>"; };
		48918AB325262C180028B1BC /* MovieTableViewCell.swift */ = {isa = PBXFileReference; lastKnownFileType = sourcecode.swift; path = MovieTableViewCell.swift; sourceTree = "<group>"; };
		8965575F8D1BE97F55AC4368 /* Pods-TheMovieDB.release.xcconfig */ = {isa = PBXFileReference; includeInIndex = 1; lastKnownFileType = text.xcconfig; name = "Pods-TheMovieDB.release.xcconfig"; path = "Target Support Files/Pods-TheMovieDB/Pods-TheMovieDB.release.xcconfig"; sourceTree = "<group>"; };
		AC3B8B990B0019D6D4F06E3A /* Pods_TheMovieDB.framework */ = {isa = PBXFileReference; explicitFileType = wrapper.framework; includeInIndex = 0; path = Pods_TheMovieDB.framework; sourceTree = BUILT_PRODUCTS_DIR; };
/* End PBXFileReference section */

/* Begin PBXFrameworksBuildPhase section */
		485A3B3425220EAF00A30660 /* Frameworks */ = {
			isa = PBXFrameworksBuildPhase;
			buildActionMask = 2147483647;
			files = (
				D30A7783EDE6388CC18571F1 /* Pods_TheMovieDB.framework in Frameworks */,
			);
			runOnlyForDeploymentPostprocessing = 0;
		};
/* End PBXFrameworksBuildPhase section */

/* Begin PBXGroup section */
		3CF0C21A08FD5C9749E67FAA /* Pods */ = {
			isa = PBXGroup;
			children = (
				2DBAAA617984A7D23154575A /* Pods-TheMovieDB.debug.xcconfig */,
				8965575F8D1BE97F55AC4368 /* Pods-TheMovieDB.release.xcconfig */,
			);
			path = Pods;
			sourceTree = "<group>";
		};
		485A3B2E25220EAF00A30660 = {
			isa = PBXGroup;
			children = (
				485A3B3925220EAF00A30660 /* TheMovieDB */,
				485A3B3825220EAF00A30660 /* Products */,
				3CF0C21A08FD5C9749E67FAA /* Pods */,
				6070C1D3A33C0D04F1022B4B /* Frameworks */,
			);
			sourceTree = "<group>";
		};
		485A3B3825220EAF00A30660 /* Products */ = {
			isa = PBXGroup;
			children = (
				485A3B3725220EAF00A30660 /* TheMovieDB.app */,
			);
			name = Products;
			sourceTree = "<group>";
		};
		485A3B3925220EAF00A30660 /* TheMovieDB */ = {
			isa = PBXGroup;
			children = (
				485A3B3A25220EAF00A30660 /* AppDelegate.swift */,
				485A3B3C25220EAF00A30660 /* SceneDelegate.swift */,
				48781893252680C900A884DD /* View */,
				48781895252680E200A884DD /* Controller */,
				485A3B4325220EB500A30660 /* Assets.xcassets */,
				485A3B4525220EB500A30660 /* LaunchScreen.storyboard */,
				485A3B4825220EB500A30660 /* Info.plist */,
			);
			path = TheMovieDB;
			sourceTree = "<group>";
		};
		48781893252680C900A884DD /* View */ = {
			isa = PBXGroup;
			children = (
				485A3B4025220EAF00A30660 /* Main.storyboard */,
			);
			path = View;
			sourceTree = "<group>";
		};
		48781895252680E200A884DD /* Controller */ = {
			isa = PBXGroup;
			children = (
				485A3B3E25220EAF00A30660 /* ListViewController.swift */,
				48918AB325262C180028B1BC /* MovieTableViewCell.swift */,
				487818292526571E00A884DD /* MovieDetailViewController.swift */,
				4878184725266D4A00A884DD /* IMDBSiteViewController.swift */,
			);
			path = Controller;
			sourceTree = "<group>";
		};
		6070C1D3A33C0D04F1022B4B /* Frameworks */ = {
			isa = PBXGroup;
			children = (
				AC3B8B990B0019D6D4F06E3A /* Pods_TheMovieDB.framework */,
			);
			name = Frameworks;
			sourceTree = "<group>";
		};
/* End PBXGroup section */

/* Begin PBXNativeTarget section */
		485A3B3625220EAF00A30660 /* TheMovieDB */ = {
			isa = PBXNativeTarget;
			buildConfigurationList = 485A3B4B25220EB500A30660 /* Build configuration list for PBXNativeTarget "TheMovieDB" */;
			buildPhases = (
				B649F58FB4D63695CDE0962C /* [CP] Check Pods Manifest.lock */,
				485A3B3325220EAF00A30660 /* Sources */,
				485A3B3425220EAF00A30660 /* Frameworks */,
				485A3B3525220EAF00A30660 /* Resources */,
				501A0AD8F339743D67123BC9 /* [CP] Embed Pods Frameworks */,
			);
			buildRules = (
			);
			dependencies = (
			);
			name = TheMovieDB;
			productName = TheMovieDB;
			productReference = 485A3B3725220EAF00A30660 /* TheMovieDB.app */;
			productType = "com.apple.product-type.application";
		};
/* End PBXNativeTarget section */

/* Begin PBXProject section */
		485A3B2F25220EAF00A30660 /* Project object */ = {
			isa = PBXProject;
			attributes = {
				LastSwiftUpdateCheck = 1200;
				LastUpgradeCheck = 1200;
				TargetAttributes = {
					485A3B3625220EAF00A30660 = {
						CreatedOnToolsVersion = 12.0.1;
					};
				};
			};
			buildConfigurationList = 485A3B3225220EAF00A30660 /* Build configuration list for PBXProject "TheMovieDB" */;
			compatibilityVersion = "Xcode 9.3";
			developmentRegion = en;
			hasScannedForEncodings = 0;
			knownRegions = (
				en,
				Base,
			);
			mainGroup = 485A3B2E25220EAF00A30660;
			productRefGroup = 485A3B3825220EAF00A30660 /* Products */;
			projectDirPath = "";
			projectRoot = "";
			targets = (
				485A3B3625220EAF00A30660 /* TheMovieDB */,
			);
		};
/* End PBXProject section */

/* Begin PBXResourcesBuildPhase section */
		485A3B3525220EAF00A30660 /* Resources */ = {
			isa = PBXResourcesBuildPhase;
			buildActionMask = 2147483647;
			files = (
				485A3B4725220EB500A30660 /* LaunchScreen.storyboard in Resources */,
				485A3B4425220EB500A30660 /* Assets.xcassets in Resources */,
				485A3B4225220EAF00A30660 /* Main.storyboard in Resources */,
			);
			runOnlyForDeploymentPostprocessing = 0;
		};
/* End PBXResourcesBuildPhase section */

/* Begin PBXShellScriptBuildPhase section */
		501A0AD8F339743D67123BC9 /* [CP] Embed Pods Frameworks */ = {
			isa = PBXShellScriptBuildPhase;
			buildActionMask = 2147483647;
			files = (
			);
			inputFileListPaths = (
				"${PODS_ROOT}/Target Support Files/Pods-TheMovieDB/Pods-TheMovieDB-frameworks-${CONFIGURATION}-input-files.xcfilelist",
			);
			name = "[CP] Embed Pods Frameworks";
			outputFileListPaths = (
				"${PODS_ROOT}/Target Support Files/Pods-TheMovieDB/Pods-TheMovieDB-frameworks-${CONFIGURATION}-output-files.xcfilelist",
			);
			runOnlyForDeploymentPostprocessing = 0;
			shellPath = /bin/sh;
			shellScript = "\"${PODS_ROOT}/Target Support Files/Pods-TheMovieDB/Pods-TheMovieDB-frameworks.sh\"\n";
			showEnvVarsInLog = 0;
		};
		B649F58FB4D63695CDE0962C /* [CP] Check Pods Manifest.lock */ = {
			isa = PBXShellScriptBuildPhase;
			buildActionMask = 2147483647;
			files = (
			);
			inputFileListPaths = (
			);
			inputPaths = (
				"${PODS_PODFILE_DIR_PATH}/Podfile.lock",
				"${PODS_ROOT}/Manifest.lock",
			);
			name = "[CP] Check Pods Manifest.lock";
			outputFileListPaths = (
			);
			outputPaths = (
				"$(DERIVED_FILE_DIR)/Pods-TheMovieDB-checkManifestLockResult.txt",
			);
			runOnlyForDeploymentPostprocessing = 0;
			shellPath = /bin/sh;
			shellScript = "diff \"${PODS_PODFILE_DIR_PATH}/Podfile.lock\" \"${PODS_ROOT}/Manifest.lock\" > /dev/null\nif [ $? != 0 ] ; then\n    # print error to STDERR\n    echo \"error: The sandbox is not in sync with the Podfile.lock. Run 'pod install' or update your CocoaPods installation.\" >&2\n    exit 1\nfi\n# This output is used by Xcode 'outputs' to avoid re-running this script phase.\necho \"SUCCESS\" > \"${SCRIPT_OUTPUT_FILE_0}\"\n";
			showEnvVarsInLog = 0;
		};
/* End PBXShellScriptBuildPhase section */

/* Begin PBXSourcesBuildPhase section */
		485A3B3325220EAF00A30660 /* Sources */ = {
			isa = PBXSourcesBuildPhase;
			buildActionMask = 2147483647;
			files = (
				48918AB425262C180028B1BC /* MovieTableViewCell.swift in Sources */,
				4878184825266D4A00A884DD /* IMDBSiteViewController.swift in Sources */,
				485A3B3F25220EAF00A30660 /* ListViewController.swift in Sources */,
				485A3B3B25220EAF00A30660 /* AppDelegate.swift in Sources */,
				4878182A2526571E00A884DD /* MovieDetailViewController.swift in Sources */,
				485A3B3D25220EAF00A30660 /* SceneDelegate.swift in Sources */,
			);
			runOnlyForDeploymentPostprocessing = 0;
		};
/* End PBXSourcesBuildPhase section */

/* Begin PBXVariantGroup section */
		485A3B4025220EAF00A30660 /* Main.storyboard */ = {
			isa = PBXVariantGroup;
			children = (
				485A3B4125220EAF00A30660 /* Base */,
			);
			name = Main.storyboard;
			sourceTree = "<group>";
		};
		485A3B4525220EB500A30660 /* LaunchScreen.storyboard */ = {
			isa = PBXVariantGroup;
			children = (
				485A3B4625220EB500A30660 /* Base */,
			);
			name = LaunchScreen.storyboard;
			sourceTree = "<group>";
		};
/* End PBXVariantGroup section */

/* Begin XCBuildConfiguration section */
		485A3B4925220EB500A30660 /* Debug */ = {
			isa = XCBuildConfiguration;
			buildSettings = {
				ALWAYS_SEARCH_USER_PATHS = NO;
				CLANG_ANALYZER_NONNULL = YES;
				CLANG_ANALYZER_NUMBER_OBJECT_CONVERSION = YES_AGGRESSIVE;
				CLANG_CXX_LANGUAGE_STANDARD = "gnu++14";
				CLANG_CXX_LIBRARY = "libc++";
				CLANG_ENABLE_MODULES = YES;
				CLANG_ENABLE_OBJC_ARC = YES;
				CLANG_ENABLE_OBJC_WEAK = YES;
				CLANG_WARN_BLOCK_CAPTURE_AUTORELEASING = YES;
				CLANG_WARN_BOOL_CONVERSION = YES;
				CLANG_WARN_COMMA = YES;
				CLANG_WARN_CONSTANT_CONVERSION = YES;
				CLANG_WARN_DEPRECATED_OBJC_IMPLEMENTATIONS = YES;
				CLANG_WARN_DIRECT_OBJC_ISA_USAGE = YES_ERROR;
				CLANG_WARN_DOCUMENTATION_COMMENTS = YES;
				CLANG_WARN_EMPTY_BODY = YES;
				CLANG_WARN_ENUM_CONVERSION = YES;
				CLANG_WARN_INFINITE_RECURSION = YES;
				CLANG_WARN_INT_CONVERSION = YES;
				CLANG_WARN_NON_LITERAL_NULL_CONVERSION = YES;
				CLANG_WARN_OBJC_IMPLICIT_RETAIN_SELF = YES;
				CLANG_WARN_OBJC_LITERAL_CONVERSION = YES;
				CLANG_WARN_OBJC_ROOT_CLASS = YES_ERROR;
				CLANG_WARN_QUOTED_INCLUDE_IN_FRAMEWORK_HEADER = YES;
				CLANG_WARN_RANGE_LOOP_ANALYSIS = YES;
				CLANG_WARN_STRICT_PROTOTYPES = YES;
				CLANG_WARN_SUSPICIOUS_MOVE = YES;
				CLANG_WARN_UNGUARDED_AVAILABILITY = YES_AGGRESSIVE;
				CLANG_WARN_UNREACHABLE_CODE = YES;
				CLANG_WARN__DUPLICATE_METHOD_MATCH = YES;
				COPY_PHASE_STRIP = NO;
				DEBUG_INFORMATION_FORMAT = dwarf;
				ENABLE_STRICT_OBJC_MSGSEND = YES;
				ENABLE_TESTABILITY = YES;
				GCC_C_LANGUAGE_STANDARD = gnu11;
				GCC_DYNAMIC_NO_PIC = NO;
				GCC_NO_COMMON_BLOCKS = YES;
				GCC_OPTIMIZATION_LEVEL = 0;
				GCC_PREPROCESSOR_DEFINITIONS = (
					"DEBUG=1",
					"$(inherited)",
				);
				GCC_WARN_64_TO_32_BIT_CONVERSION = YES;
				GCC_WARN_ABOUT_RETURN_TYPE = YES_ERROR;
				GCC_WARN_UNDECLARED_SELECTOR = YES;
				GCC_WARN_UNINITIALIZED_AUTOS = YES_AGGRESSIVE;
				GCC_WARN_UNUSED_FUNCTION = YES;
				GCC_WARN_UNUSED_VARIABLE = YES;
				IPHONEOS_DEPLOYMENT_TARGET = 14.0;
				MTL_ENABLE_DEBUG_INFO = INCLUDE_SOURCE;
				MTL_FAST_MATH = YES;
				ONLY_ACTIVE_ARCH = YES;
				SDKROOT = iphoneos;
				SWIFT_ACTIVE_COMPILATION_CONDITIONS = DEBUG;
				SWIFT_OPTIMIZATION_LEVEL = "-Onone";
			};
			name = Debug;
		};
		485A3B4A25220EB500A30660 /* Release */ = {
			isa = XCBuildConfiguration;
			buildSettings = {
				ALWAYS_SEARCH_USER_PATHS = NO;
				CLANG_ANALYZER_NONNULL = YES;
				CLANG_ANALYZER_NUMBER_OBJECT_CONVERSION = YES_AGGRESSIVE;
				CLANG_CXX_LANGUAGE_STANDARD = "gnu++14";
				CLANG_CXX_LIBRARY = "libc++";
				CLANG_ENABLE_MODULES = YES;
				CLANG_ENABLE_OBJC_ARC = YES;
				CLANG_ENABLE_OBJC_WEAK = YES;
				CLANG_WARN_BLOCK_CAPTURE_AUTORELEASING = YES;
				CLANG_WARN_BOOL_CONVERSION = YES;
				CLANG_WARN_COMMA = YES;
				CLANG_WARN_CONSTANT_CONVERSION = YES;
				CLANG_WARN_DEPRECATED_OBJC_IMPLEMENTATIONS = YES;
				CLANG_WARN_DIRECT_OBJC_ISA_USAGE = YES_ERROR;
				CLANG_WARN_DOCUMENTATION_COMMENTS = YES;
				CLANG_WARN_EMPTY_BODY = YES;
				CLANG_WARN_ENUM_CONVERSION = YES;
				CLANG_WARN_INFINITE_RECURSION = YES;
				CLANG_WARN_INT_CONVERSION = YES;
				CLANG_WARN_NON_LITERAL_NULL_CONVERSION = YES;
				CLANG_WARN_OBJC_IMPLICIT_RETAIN_SELF = YES;
				CLANG_WARN_OBJC_LITERAL_CONVERSION = YES;
				CLANG_WARN_OBJC_ROOT_CLASS = YES_ERROR;
				CLANG_WARN_QUOTED_INCLUDE_IN_FRAMEWORK_HEADER = YES;
				CLANG_WARN_RANGE_LOOP_ANALYSIS = YES;
				CLANG_WARN_STRICT_PROTOTYPES = YES;
				CLANG_WARN_SUSPICIOUS_MOVE = YES;
				CLANG_WARN_UNGUARDED_AVAILABILITY = YES_AGGRESSIVE;
				CLANG_WARN_UNREACHABLE_CODE = YES;
				CLANG_WARN__DUPLICATE_METHOD_MATCH = YES;
				COPY_PHASE_STRIP = NO;
				DEBUG_INFORMATION_FORMAT = "dwarf-with-dsym";
				ENABLE_NS_ASSERTIONS = NO;
				ENABLE_STRICT_OBJC_MSGSEND = YES;
				GCC_C_LANGUAGE_STANDARD = gnu11;
				GCC_NO_COMMON_BLOCKS = YES;
				GCC_WARN_64_TO_32_BIT_CONVERSION = YES;
				GCC_WARN_ABOUT_RETURN_TYPE = YES_ERROR;
				GCC_WARN_UNDECLARED_SELECTOR = YES;
				GCC_WARN_UNINITIALIZED_AUTOS = YES_AGGRESSIVE;
				GCC_WARN_UNUSED_FUNCTION = YES;
				GCC_WARN_UNUSED_VARIABLE = YES;
				IPHONEOS_DEPLOYMENT_TARGET = 14.0;
				MTL_ENABLE_DEBUG_INFO = NO;
				MTL_FAST_MATH = YES;
				SDKROOT = iphoneos;
				SWIFT_COMPILATION_MODE = wholemodule;
				SWIFT_OPTIMIZATION_LEVEL = "-O";
				VALIDATE_PRODUCT = YES;
			};
			name = Release;
		};
		485A3B4C25220EB500A30660 /* Debug */ = {
			isa = XCBuildConfiguration;
			baseConfigurationReference = 2DBAAA617984A7D23154575A /* Pods-TheMovieDB.debug.xcconfig */;
			buildSettings = {
				ASSETCATALOG_COMPILER_APPICON_NAME = AppIcon;
				ASSETCATALOG_COMPILER_GLOBAL_ACCENT_COLOR_NAME = AccentColor;
				CODE_SIGN_STYLE = Automatic;
				DEVELOPMENT_TEAM = 9N3N56J5WQ;
				INFOPLIST_FILE = TheMovieDB/Info.plist;
				LD_RUNPATH_SEARCH_PATHS = (
					"$(inherited)",
					"@executable_path/Frameworks",
				);
				PRODUCT_BUNDLE_IDENTIFIER = com.bilgihankose.TheMovieDB;
				PRODUCT_NAME = "$(TARGET_NAME)";
				SWIFT_VERSION = 5.0;
				TARGETED_DEVICE_FAMILY = "1,2";
			};
			name = Debug;
		};
		485A3B4D25220EB500A30660 /* Release */ = {
			isa = XCBuildConfiguration;
			baseConfigurationReference = 8965575F8D1BE97F55AC4368 /* Pods-TheMovieDB.release.xcconfig */;
			buildSettings = {
				ASSETCATALOG_COMPILER_APPICON_NAME = AppIcon;
				ASSETCATALOG_COMPILER_GLOBAL_ACCENT_COLOR_NAME = AccentColor;
				CODE_SIGN_STYLE = Automatic;
				DEVELOPMENT_TEAM = 9N3N56J5WQ;
				INFOPLIST_FILE = TheMovieDB/Info.plist;
				LD_RUNPATH_SEARCH_PATHS = (
					"$(inherited)",
					"@executable_path/Frameworks",
				);
				PRODUCT_BUNDLE_IDENTIFIER = com.bilgihankose.TheMovieDB;
				PRODUCT_NAME = "$(TARGET_NAME)";
				SWIFT_VERSION = 5.0;
				TARGETED_DEVICE_FAMILY = "1,2";
			};
			name = Release;
		};
/* End XCBuildConfiguration section */

/* Begin XCConfigurationList section */
		485A3B3225220EAF00A30660 /* Build configuration list for PBXProject "TheMovieDB" */ = {
			isa = XCConfigurationList;
			buildConfigurations = (
				485A3B4925220EB500A30660 /* Debug */,
				485A3B4A25220EB500A30660 /* Release */,
			);
			defaultConfigurationIsVisible = 0;
			defaultConfigurationName = Release;
		};
		485A3B4B25220EB500A30660 /* Build configuration list for PBXNativeTarget "TheMovieDB" */ = {
			isa = XCConfigurationList;
			buildConfigurations = (
				485A3B4C25220EB500A30660 /* Debug */,
				485A3B4D25220EB500A30660 /* Release */,
			);
			defaultConfigurationIsVisible = 0;
			defaultConfigurationName = Release;
		};
/* End XCConfigurationList section */
	};
	rootObject = 485A3B2F25220EAF00A30660 /* Project object */;
}
